# This file is automatically @generated by Cargo.
# It is not intended for manual editing.
[[package]]
name = "arrayref"
version = "0.3.6"
source = "registry+https://github.com/rust-lang/crates.io-index"

[[package]]
name = "ease"
version = "0.1.0"
source = "git+https://github.com/jrhea/ease?branch=engine#2617122db739646fca37f2b757ace8650edd7533"
dependencies = [
 "arrayref 0.3.6 (registry+https://github.com/rust-lang/crates.io-index)",
]

[[package]]
name = "foo"
version = "0.1.0"
dependencies = [
 "ease 0.1.0 (git+https://github.com/jrhea/ease?branch=engine)",
 "wrapper 0.1.0",
]

[[package]]
name = "wrapper"
version = "0.1.0"

[metadata]
"checksum arrayref 0.3.6 (registry+https://github.com/rust-lang/crates.io-index)" = "a4c527152e37cf757a3f78aae5a06fbeefdb07ccc535c980a3208ee3060dd544"
"checksum ease 0.1.0 (git+https://github.com/jrhea/ease?branch=engine)" = "<none>"
